<?xml version="1.0" encoding="UTF-8" standalone="yes" ?>
<CodeBlocks_project_file>
	<FileVersion major="1" minor="6" />
	<Project>
		<Option title="StarMadeLauncher" />
		<Option pch_mode="2" />
		<Option compiler="gcc" />
		<Build>
			<Target title="Debug">
				<Option output="bin/Debug/StarMadeLauncher" prefix_auto="1" extension_auto="1" />
				<Option object_output="obj/Debug/" />
				<Option type="1" />
				<Option compiler="gcc" />
				<Option use_console_runner="0" />
				<Compiler>
					<Add option="-g" />
					<Add directory="../StarMadeLauncher" />
					<Add directory="include" />
				</Compiler>
			</Target>
			<Target title="Release">
				<Option output="bin/Release/StarMadeLauncher" prefix_auto="1" extension_auto="1" />
				<Option object_output="obj/Release/" />
				<Option type="1" />
				<Option compiler="gcc" />
				<Compiler>
					<Add option="-O2" />
					<Add directory="../StarMadeLauncher" />
					<Add directory="include" />
				</Compiler>
				<Linker>
					<Add option="-s" />
				</Linker>
			</Target>
		</Build>
		<Compiler>
			<Add option="-Wall" />
		</Compiler>
		<Unit filename="include/fontrenderer.h" />
		<Unit filename="include/gltexture.h" />
		<Unit filename="include/glutil.h" />
		<Unit filename="include/launcherwidget.h" />
		<Unit filename="include/mainwindow.h" />
		<Unit filename="include/ogl.h" />
		<Unit filename="include/vector2.h" />
		<Unit filename="include/vector3.h" />
		<Unit filename="include/widgetbutton.h" />
		<Unit filename="include/widgetpane.h" />
		<Unit filename="src/fontrenderer.cpp" />
		<Unit filename="src/gltexture.cpp" />
		<Unit filename="src/glutil.cpp" />
		<Unit filename="src/launcherwidget.cpp" />
		<Unit filename="src/main.cpp" />
		<Unit filename="src/mainwindow.cpp" />
		<Unit filename="src/vector2.cpp" />
		<Unit filename="src/vector3.cpp" />
		<Unit filename="src/widgetbutton.cpp" />
		<Unit filename="src/widgetpane.cpp" />
		<Extensions>
			<code_completion />
			<envvars />
			<debugger />
			<lib_finder disable_auto="1" />
		</Extensions>
	</Project>
</CodeBlocks_project_file>
